
Microsoft Visual Studio Solution File, Format Version 12.00
# Visual Studio Version 17
VisualStudioVersion = 17.3.32929.385
MinimumVisualStudioVersion = 10.0.40219.1
Project("{FAE04EC0-301F-11D3-BF4B-00C04F79EFBC}") = "Components", "Ex1\Components.csproj", "{7EF522E1-A964-48F4-974F-7C12EE5849C5}"
EndProject
Project("{FAE04EC0-301F-11D3-BF4B-00C04F79EFBC}") = "Tester", "Tester\Tester.csproj", "{A1CE0425-081E-423C-ABCA-C7205A7E9546}"
EndProject
Project("{FAE04EC0-301F-11D3-BF4B-00C04F79EFBC}") = "MediaPlayer", "MediaPlayer\MediaPlayer.csproj", "{C9D33D7D-E128-4D1D-A796-0A5318DCE78C}"
EndProject
Global
	GlobalSection(SolutionConfigurationPlatforms) = preSolution
		Debug|Any CPU = Debug|Any CPU
		Release|Any CPU = Release|Any CPU
	EndGlobalSection
	GlobalSection(ProjectConfigurationPlatforms) = postSolution
		{7EF522E1-A964-48F4-974F-7C12EE5849C5}.Debug|Any CPU.ActiveCfg = Debug|Any CPU
		{7EF522E1-A964-48F4-974F-7C12EE5849C5}.Debug|Any CPU.Build.0 = Debug|Any CPU
		{7EF522E1-A964-48F4-974F-7C12EE5849C5}.Release|Any CPU.ActiveCfg = Release|Any CPU
		{7EF522E1-A964-48F4-974F-7C12EE5849C5}.Release|Any CPU.Build.0 = Release|Any CPU
		{A1CE0425-081E-423C-ABCA-C7205A7E9546}.Debug|Any CPU.ActiveCfg = Debug|Any CPU
		{A1CE0425-081E-423C-ABCA-C7205A7E9546}.Debug|Any CPU.Build.0 = Debug|Any CPU
		{A1CE0425-081E-423C-ABCA-C7205A7E9546}.Release|Any CPU.ActiveCfg = Release|Any CPU
		{A1CE0425-081E-423C-ABCA-C7205A7E9546}.Release|Any CPU.Build.0 = Release|Any CPU
		{C9D33D7D-E128-4D1D-A796-0A5318DCE78C}.Debug|Any CPU.ActiveCfg = Debug|Any CPU
		{C9D33D7D-E128-4D1D-A796-0A5318DCE78C}.Debug|Any CPU.Build.0 = Debug|Any CPU
		{C9D33D7D-E128-4D1D-A796-0A5318DCE78C}.Release|Any CPU.ActiveCfg = Release|Any CPU
		{C9D33D7D-E128-4D1D-A796-0A5318DCE78C}.Release|Any CPU.Build.0 = Release|Any CPU
	EndGlobalSection
	GlobalSection(SolutionProperties) = preSolution
		HideSolutionNode = FALSE
	EndGlobalSection
	GlobalSection(ExtensibilityGlobals) = postSolution
		SolutionGuid = {DB3EC83D-1593-4F6A-8979-9803C5377791}
	EndGlobalSection
EndGlobal
